
Microsoft Visual Studio Solution File, Format Version 12.00
# Visual Studio Version 16
VisualStudioVersion = 16.0.30523.141
MinimumVisualStudioVersion = 10.0.40219.1
Project("{2150E333-8FDC-42A3-9474-1A3956D46DE8}") = "Aplicacion", "Aplicacion", "{065CE617-0C15-4F39-ABFD-06D753747B53}"
EndProject
Project("{2150E333-8FDC-42A3-9474-1A3956D46DE8}") = "Servicios", "Servicios", "{E1C27CEC-78C2-4934-9844-823826192127}"
EndProject
Project("{FAE04EC0-301F-11D3-BF4B-00C04F79EFBC}") = "Servicios", "Servicios\Servicios.csproj", "{526F6810-861E-43BF-8D11-455B9ABA91CC}"
EndProject
Project("{FAE04EC0-301F-11D3-BF4B-00C04F79EFBC}") = "IServicios", "IServicios\IServicios.csproj", "{346BD8D3-8BEE-4C1F-8DE2-2001E8639B0F}"
EndProject
Project("{FAE04EC0-301F-11D3-BF4B-00C04F79EFBC}") = "Aplicacion", "Aplicacion\Aplicacion.csproj", "{C8016471-46CC-4F53-8987-960EA368024F}"
EndProject
Project("{2150E333-8FDC-42A3-9474-1A3956D46DE8}") = "AccesoDatos", "AccesoDatos", "{C5EB58B5-132D-4F38-A5FE-C7974E36F937}"
EndProject
Project("{FAE04EC0-301F-11D3-BF4B-00C04F79EFBC}") = "Infraestructura", "Infraestructura\Infraestructura.csproj", "{31F12CD4-290B-40F2-AB58-DDF129115AE0}"
EndProject
Project("{2150E333-8FDC-42A3-9474-1A3956D46DE8}") = "Dominio", "Dominio", "{2B7665B3-9F76-4490-ACA4-53D70C9034E0}"
EndProject
Project("{FAE04EC0-301F-11D3-BF4B-00C04F79EFBC}") = "Dominios", "Dominios\Dominios.csproj", "{4141CBAE-E899-477D-A4C0-0946AB5A105A}"
EndProject
Project("{2150E333-8FDC-42A3-9474-1A3956D46DE8}") = "Presentacion", "Presentacion", "{614A5036-1B92-46CB-AACA-6D5D7154C48E}"
EndProject
Project("{FAE04EC0-301F-11D3-BF4B-00C04F79EFBC}") = "Presentacion", "Presentacion\Presentacion.csproj", "{54BFE2DE-BE8A-44D0-8167-57097CE3F2FA}"
EndProject
Project("{FAE04EC0-301F-11D3-BF4B-00C04F79EFBC}") = "FormularioBase", "FormularioBase\FormularioBase.csproj", "{F82DDE45-7474-4F9C-8483-10136D622DBB}"
EndProject
Project("{FAE04EC0-301F-11D3-BF4B-00C04F79EFBC}") = "AplicacionIoc", "AplicacionIoc\AplicacionIoc.csproj", "{1CFCB3E2-DD26-48AB-A7C1-786FE0DBE673}"
EndProject
Project("{FAE04EC0-301F-11D3-BF4B-00C04F79EFBC}") = "Principal", "Principal\Principal.csproj", "{9C4A6FEA-4A94-48B9-A5BA-5B66BAC58BC7}"
EndProject
Global
	GlobalSection(SolutionConfigurationPlatforms) = preSolution
		Debug|Any CPU = Debug|Any CPU
		Release|Any CPU = Release|Any CPU
	EndGlobalSection
	GlobalSection(ProjectConfigurationPlatforms) = postSolution
		{526F6810-861E-43BF-8D11-455B9ABA91CC}.Debug|Any CPU.ActiveCfg = Debug|Any CPU
		{526F6810-861E-43BF-8D11-455B9ABA91CC}.Debug|Any CPU.Build.0 = Debug|Any CPU
		{526F6810-861E-43BF-8D11-455B9ABA91CC}.Release|Any CPU.ActiveCfg = Release|Any CPU
		{526F6810-861E-43BF-8D11-455B9ABA91CC}.Release|Any CPU.Build.0 = Release|Any CPU
		{346BD8D3-8BEE-4C1F-8DE2-2001E8639B0F}.Debug|Any CPU.ActiveCfg = Debug|Any CPU
		{346BD8D3-8BEE-4C1F-8DE2-2001E8639B0F}.Debug|Any CPU.Build.0 = Debug|Any CPU
		{346BD8D3-8BEE-4C1F-8DE2-2001E8639B0F}.Release|Any CPU.ActiveCfg = Release|Any CPU
		{346BD8D3-8BEE-4C1F-8DE2-2001E8639B0F}.Release|Any CPU.Build.0 = Release|Any CPU
		{C8016471-46CC-4F53-8987-960EA368024F}.Debug|Any CPU.ActiveCfg = Debug|Any CPU
		{C8016471-46CC-4F53-8987-960EA368024F}.Debug|Any CPU.Build.0 = Debug|Any CPU
		{C8016471-46CC-4F53-8987-960EA368024F}.Release|Any CPU.ActiveCfg = Release|Any CPU
		{C8016471-46CC-4F53-8987-960EA368024F}.Release|Any CPU.Build.0 = Release|Any CPU
		{31F12CD4-290B-40F2-AB58-DDF129115AE0}.Debug|Any CPU.ActiveCfg = Debug|Any CPU
		{31F12CD4-290B-40F2-AB58-DDF129115AE0}.Debug|Any CPU.Build.0 = Debug|Any CPU
		{31F12CD4-290B-40F2-AB58-DDF129115AE0}.Release|Any CPU.ActiveCfg = Release|Any CPU
		{31F12CD4-290B-40F2-AB58-DDF129115AE0}.Release|Any CPU.Build.0 = Release|Any CPU
		{4141CBAE-E899-477D-A4C0-0946AB5A105A}.Debug|Any CPU.ActiveCfg = Debug|Any CPU
		{4141CBAE-E899-477D-A4C0-0946AB5A105A}.Debug|Any CPU.Build.0 = Debug|Any CPU
		{4141CBAE-E899-477D-A4C0-0946AB5A105A}.Release|Any CPU.ActiveCfg = Release|Any CPU
		{4141CBAE-E899-477D-A4C0-0946AB5A105A}.Release|Any CPU.Build.0 = Release|Any CPU
		{54BFE2DE-BE8A-44D0-8167-57097CE3F2FA}.Debug|Any CPU.ActiveCfg = Debug|Any CPU
		{54BFE2DE-BE8A-44D0-8167-57097CE3F2FA}.Debug|Any CPU.Build.0 = Debug|Any CPU
		{54BFE2DE-BE8A-44D0-8167-57097CE3F2FA}.Release|Any CPU.ActiveCfg = Release|Any CPU
		{54BFE2DE-BE8A-44D0-8167-57097CE3F2FA}.Release|Any CPU.Build.0 = Release|Any CPU
		{F82DDE45-7474-4F9C-8483-10136D622DBB}.Debug|Any CPU.ActiveCfg = Debug|Any CPU
		{F82DDE45-7474-4F9C-8483-10136D622DBB}.Debug|Any CPU.Build.0 = Debug|Any CPU
		{F82DDE45-7474-4F9C-8483-10136D622DBB}.Release|Any CPU.ActiveCfg = Release|Any CPU
		{F82DDE45-7474-4F9C-8483-10136D622DBB}.Release|Any CPU.Build.0 = Release|Any CPU
		{1CFCB3E2-DD26-48AB-A7C1-786FE0DBE673}.Debug|Any CPU.ActiveCfg = Debug|Any CPU
		{1CFCB3E2-DD26-48AB-A7C1-786FE0DBE673}.Debug|Any CPU.Build.0 = Debug|Any CPU
		{1CFCB3E2-DD26-48AB-A7C1-786FE0DBE673}.Release|Any CPU.ActiveCfg = Release|Any CPU
		{1CFCB3E2-DD26-48AB-A7C1-786FE0DBE673}.Release|Any CPU.Build.0 = Release|Any CPU
		{9C4A6FEA-4A94-48B9-A5BA-5B66BAC58BC7}.Debug|Any CPU.ActiveCfg = Debug|Any CPU
		{9C4A6FEA-4A94-48B9-A5BA-5B66BAC58BC7}.Debug|Any CPU.Build.0 = Debug|Any CPU
		{9C4A6FEA-4A94-48B9-A5BA-5B66BAC58BC7}.Release|Any CPU.ActiveCfg = Release|Any CPU
		{9C4A6FEA-4A94-48B9-A5BA-5B66BAC58BC7}.Release|Any CPU.Build.0 = Release|Any CPU
	EndGlobalSection
	GlobalSection(SolutionProperties) = preSolution
		HideSolutionNode = FALSE
	EndGlobalSection
	GlobalSection(NestedProjects) = preSolution
		{526F6810-861E-43BF-8D11-455B9ABA91CC} = {E1C27CEC-78C2-4934-9844-823826192127}
		{346BD8D3-8BEE-4C1F-8DE2-2001E8639B0F} = {E1C27CEC-78C2-4934-9844-823826192127}
		{C8016471-46CC-4F53-8987-960EA368024F} = {065CE617-0C15-4F39-ABFD-06D753747B53}
		{31F12CD4-290B-40F2-AB58-DDF129115AE0} = {C5EB58B5-132D-4F38-A5FE-C7974E36F937}
		{4141CBAE-E899-477D-A4C0-0946AB5A105A} = {2B7665B3-9F76-4490-ACA4-53D70C9034E0}
		{54BFE2DE-BE8A-44D0-8167-57097CE3F2FA} = {614A5036-1B92-46CB-AACA-6D5D7154C48E}
		{F82DDE45-7474-4F9C-8483-10136D622DBB} = {614A5036-1B92-46CB-AACA-6D5D7154C48E}
		{1CFCB3E2-DD26-48AB-A7C1-786FE0DBE673} = {065CE617-0C15-4F39-ABFD-06D753747B53}
		{9C4A6FEA-4A94-48B9-A5BA-5B66BAC58BC7} = {614A5036-1B92-46CB-AACA-6D5D7154C48E}
	EndGlobalSection
	GlobalSection(ExtensibilityGlobals) = postSolution
		SolutionGuid = {15652CB9-3DDC-498B-9A89-DDEDCCB2742D}
	EndGlobalSection
EndGlobal
